
Microsoft Visual Studio Solution File, Format Version 12.00
# Visual Studio 15
VisualStudioVersion = 15.0.28307.1062
MinimumVisualStudioVersion = 10.0.40219.1
Project("{2150E333-8FDC-42A3-9474-1A3956D46DE8}") = "Bin", "Bin", "{9AA2C589-63FD-451C-999F-0BD6C088B7E5}"
	ProjectSection(SolutionItems) = preProject
		Bin\Data.Base.dll = Bin\Data.Base.dll
		Bin\Diversos.txt = Bin\Diversos.txt
		Bin\nunit.framework.dll = Bin\nunit.framework.dll
		Bin\nunit.framework.xml = Bin\nunit.framework.xml
		p_ListaProduto.txt = p_ListaProduto.txt
	EndProjectSection
EndProject
Project("{2150E333-8FDC-42A3-9474-1A3956D46DE8}") = "Infraestrutura", "Infraestrutura", "{7B173BEA-7079-4FCE-B0E8-8247CAFCA714}"
EndProject
Project("{FAE04EC0-301F-11D3-BF4B-00C04F79EFBC}") = "Agencia.Infraestrutura.DAL", "Agencia.Infraestrutura.DAL\Agencia.Infraestrutura.DAL.csproj", "{8E3E6EE3-6126-4AB6-AA19-1B20D32761AB}"
EndProject
Project("{FAE04EC0-301F-11D3-BF4B-00C04F79EFBC}") = "Agencia.WindowsUI", "Agencia.WindowsUI\Agencia.WindowsUI.csproj", "{B7418BEA-A7BE-4CC0-A6AB-BA7A1BDDFDE8}"
EndProject
Project("{2150E333-8FDC-42A3-9474-1A3956D46DE8}") = "Dominio", "Dominio", "{C28402BB-B768-4467-93DB-80519B96463A}"
EndProject
Project("{FAE04EC0-301F-11D3-BF4B-00C04F79EFBC}") = "Agencia.Dominio.Fabrica", "Agencia.Dominio.Fabrica\Agencia.Dominio.Fabrica.csproj", "{3171F3D2-B5D1-4041-87F3-ABB3567312DE}"
EndProject
Project("{FAE04EC0-301F-11D3-BF4B-00C04F79EFBC}") = "Agencia.Dominio.Modelo", "Agencia.Dominio.Modelo\Agencia.Dominio.Modelo.csproj", "{81EC3B70-5F27-4237-8C36-AD1FF2E90566}"
EndProject
Project("{FAE04EC0-301F-11D3-BF4B-00C04F79EFBC}") = "Agencia.Dominio.Repositorio", "Agencia.Dominio.Repositorio\Agencia.Dominio.Repositorio.csproj", "{51D0A909-DFFF-4340-AC77-264BD1DF8D28}"
EndProject
Project("{FAE04EC0-301F-11D3-BF4B-00C04F79EFBC}") = "Agencia.Dominio.Servico", "Agencia.Dominio.Servico\Agencia.Dominio.Servico.csproj", "{B4D55641-02FF-4179-8CFE-F4F12D086804}"
EndProject
Project("{FAE04EC0-301F-11D3-BF4B-00C04F79EFBC}") = "Agencia.Infraestrutura.DAL.Test", "Agencia.Infraestrutura.DAL.Test\Agencia.Infraestrutura.DAL.Test.csproj", "{6ECA4F0B-0679-47E9-88F4-F8B25A895BEA}"
EndProject
Project("{FAE04EC0-301F-11D3-BF4B-00C04F79EFBC}") = "Agencia.Dominio.Repositorio.Test", "Agencia.Dominio.Repositorio.Test\Agencia.Dominio.Repositorio.Test.csproj", "{B571B315-BB85-4604-94A6-BD6215E0BA19}"
EndProject
Project("{2150E333-8FDC-42A3-9474-1A3956D46DE8}") = "Scripts", "Scripts", "{A5F02799-6E50-4A01-80E7-02C05D0136D7}"
EndProject
Project("{2150E333-8FDC-42A3-9474-1A3956D46DE8}") = "Procedure", "Procedure", "{74BEEBE9-D5EB-415B-BFE7-E47180BC2BAF}"
	ProjectSection(SolutionItems) = preProject
		Script\Procedure\p_AjustaDuplicidade.sql = Script\Procedure\p_AjustaDuplicidade.sql
		Script\Procedure\p_BaixaCache.sql = Script\Procedure\p_BaixaCache.sql
		Script\Procedure\p_BaixaCachePorRecibo.sql = Script\Procedure\p_BaixaCachePorRecibo.sql
		Script\Procedure\p_CalculaValorPedido.sql = Script\Procedure\p_CalculaValorPedido.sql
		Script\Procedure\p_carregaGridAlvara.sql = Script\Procedure\p_carregaGridAlvara.sql
		Script\Procedure\p_carregaGridFiguranteAlvara.sql = Script\Procedure\p_carregaGridFiguranteAlvara.sql
		p_CarregaGridProdutoERRADO.txt = p_CarregaGridProdutoERRADO.txt
		Script\Procedure\p_carregaListaCentroDeCusto.sql = Script\Procedure\p_carregaListaCentroDeCusto.sql
		Script\Procedure\p_geraRecibo.sql = Script\Procedure\p_geraRecibo.sql
		Script\Procedure\p_geraRelatorioInss.sql = Script\Procedure\p_geraRelatorioInss.sql
		Script\Procedure\p_geraRptAlvara.sql = Script\Procedure\p_geraRptAlvara.sql
		Script\Procedure\p_geraRptBeneficioPessoa.sql = Script\Procedure\p_geraRptBeneficioPessoa.sql
		Script\Procedure\p_geraRptCachePago.sql = Script\Procedure\p_geraRptCachePago.sql
		Script\Procedure\p_geraRptCachePagoPorNota.sql = Script\Procedure\p_geraRptCachePagoPorNota.sql
		Script\Procedure\p_geraRptCachePendentePorNota.sql = Script\Procedure\p_geraRptCachePendentePorNota.sql
		Script\Procedure\p_geraRptConsolidado.sql = Script\Procedure\p_geraRptConsolidado.sql
		Script\Procedure\p_geraRptPendenteTotal.sql = Script\Procedure\p_geraRptPendenteTotal.sql
		Script\Procedure\p_geraRptReciboCache.sql = Script\Procedure\p_geraRptReciboCache.sql
		Script\Procedure\p_listaBairro.sql = Script\Procedure\p_listaBairro.sql
		Script\Procedure\p_listaBairroPorCidade.sql = Script\Procedure\p_listaBairroPorCidade.sql
		Script\Procedure\p_listaBanco.sql = Script\Procedure\p_listaBanco.sql
		Script\Procedure\p_listaBase.sql = Script\Procedure\p_listaBase.sql
		Script\Procedure\p_listaCachePago.sql = Script\Procedure\p_listaCachePago.sql
		Script\Procedure\p_listaCachePendenteSemRecibo.sql = Script\Procedure\p_listaCachePendenteSemRecibo.sql
		Script\Procedure\p_listaCachePendPgto.sql = Script\Procedure\p_listaCachePendPgto.sql
		Script\Procedure\p_listaCargo.sql = Script\Procedure\p_listaCargo.sql
		Script\Procedure\p_listaCartaFatura.sql = Script\Procedure\p_listaCartaFatura.sql
		Script\Procedure\p_listaCentralDeCusto.sql = Script\Procedure\p_listaCentralDeCusto.sql
		Script\Procedure\p_listaCentroDeCusto.sql = Script\Procedure\p_listaCentroDeCusto.sql
		Script\Procedure\p_listaCidades.sql = Script\Procedure\p_listaCidades.sql
		Script\Procedure\p_listaCidadesPorEstado.sql = Script\Procedure\p_listaCidadesPorEstado.sql
		Script\Procedure\p_listaColaborador.sql = Script\Procedure\p_listaColaborador.sql
		Script\Procedure\p_listaColaboradorProduto.sql = Script\Procedure\p_listaColaboradorProduto.sql
		Script\Procedure\p_listaConsultaFigurante.sql = Script\Procedure\p_listaConsultaFigurante.sql
		Script\Procedure\p_listaContasAPagar.sql = Script\Procedure\p_listaContasAPagar.sql
		Script\Procedure\p_listaContasAReceber.sql = Script\Procedure\p_listaContasAReceber.sql
		Script\Procedure\p_listaContasPaga.sql = Script\Procedure\p_listaContasPaga.sql
		Script\Procedure\p_listaDadoBancario.sql = Script\Procedure\p_listaDadoBancario.sql
		Script\Procedure\p_listaDadoProduto.sql = Script\Procedure\p_listaDadoProduto.sql
		Script\Procedure\p_listaDadoProdutoPorId.sql = Script\Procedure\p_listaDadoProdutoPorId.sql
		Script\Procedure\p_listaDadoRemuneracao.sql = Script\Procedure\p_listaDadoRemuneracao.sql
		Script\Procedure\p_listaEmpresa.sql = Script\Procedure\p_listaEmpresa.sql
		Script\Procedure\p_listaEquipePedido.sql = Script\Procedure\p_listaEquipePedido.sql
		Script\Procedure\p_listaEstados.sql = Script\Procedure\p_listaEstados.sql
		Script\Procedure\p_listaFaturaDisponivel.sql = Script\Procedure\p_listaFaturaDisponivel.sql
		Script\Procedure\p_listaFigurante.sql = Script\Procedure\p_listaFigurante.sql
		Script\Procedure\p_listaFiguranteDisponivelParaPedido.sql = Script\Procedure\p_listaFiguranteDisponivelParaPedido.sql
		Script\Procedure\p_listaFiguranteParaUnificar.sql = Script\Procedure\p_listaFiguranteParaUnificar.sql
		Script\Procedure\p_listaFigurantePedido.sql = Script\Procedure\p_listaFigurantePedido.sql
		Script\Procedure\p_listaFolhaPgto.sql = Script\Procedure\p_listaFolhaPgto.sql
		Script\Procedure\p_listaFuncionalidade.sql = Script\Procedure\p_listaFuncionalidade.sql
		Script\Procedure\p_listaInformeINSS.sql = Script\Procedure\p_listaInformeINSS.sql
		Script\Procedure\p_listaItemPedido.sql = Script\Procedure\p_listaItemPedido.sql
		Script\Procedure\p_listaMarca.sql = Script\Procedure\p_listaMarca.sql
		Script\Procedure\p_listaModelo.sql = Script\Procedure\p_listaModelo.sql
		Script\Procedure\p_listaModeloPorId.sql = Script\Procedure\p_listaModeloPorId.sql
		Script\Procedure\p_listaNotaFiscalPorFirma.sql = Script\Procedure\p_listaNotaFiscalPorFirma.sql
		Script\Procedure\p_listaPedidoDisponivel.sql = Script\Procedure\p_listaPedidoDisponivel.sql
		Script\Procedure\p_listaPedidoPorFatura.sql = Script\Procedure\p_listaPedidoPorFatura.sql
		Script\Procedure\p_listaPedidoPorProduto.sql = Script\Procedure\p_listaPedidoPorProduto.sql
		Script\Procedure\p_listaPedidos.sql = Script\Procedure\p_listaPedidos.sql
		p_listaPesquisaFigurante.sql = p_listaPesquisaFigurante.sql
		p_listaPesquisaFigurantePendente.sql = p_listaPesquisaFigurantePendente.sql
		Script\Procedure\p_listaPosicaoCache.sql = Script\Procedure\p_listaPosicaoCache.sql
		Script\Procedure\p_listaProduto.sql = Script\Procedure\p_listaProduto.sql
		Script\Procedure\p_listaProdutoDisponivel.sql = Script\Procedure\p_listaProdutoDisponivel.sql
		Script\Procedure\p_listaProdutoPorId.sql = Script\Procedure\p_listaProdutoPorId.sql
		Script\Procedure\p_listaReciboCache.sql = Script\Procedure\p_listaReciboCache.sql
		Script\Procedure\p_listaReciboFigurante.sql = Script\Procedure\p_listaReciboFigurante.sql
		Script\Procedure\p_listaReciboProvisorio.sql = Script\Procedure\p_listaReciboProvisorio.sql
		Script\Procedure\p_listaResumoNotaFiscal.sql = Script\Procedure\p_listaResumoNotaFiscal.sql
		Script\Procedure\p_listaRetensaoInss.sql = Script\Procedure\p_listaRetensaoInss.sql
		Script\Procedure\p_listaTipoFiguracao.sql = Script\Procedure\p_listaTipoFiguracao.sql
		Script\Procedure\p_listaUsuario.sql = Script\Procedure\p_listaUsuario.sql
		Script\Procedure\p_listaValorTotalPendente.sql = Script\Procedure\p_listaValorTotalPendente.sql
		Script\Procedure\p_listaValorTotalPgto.sql = Script\Procedure\p_listaValorTotalPgto.sql
		Script\Procedure\p_listaVeiculoPorId.sql = Script\Procedure\p_listaVeiculoPorId.sql
		Script\Procedure\p_listRemuneracao.sql = Script\Procedure\p_listRemuneracao.sql
		Script\Procedure\p_Proc.sql = Script\Procedure\p_Proc.sql
		Script\Procedure\p_ProcessaDadosFolha.sql = Script\Procedure\p_ProcessaDadosFolha.sql
		Script\Procedure\p_ReCalculoDeInss.sql = Script\Procedure\p_ReCalculoDeInss.sql
		Script\Procedure\p_RecompilaProcedures.sql = Script\Procedure\p_RecompilaProcedures.sql
		Script\Procedure\p_RecuperaAlvara.sql = Script\Procedure\p_RecuperaAlvara.sql
		Script\Procedure\p_RecuperaCartaFaturaPorId.sql = Script\Procedure\p_RecuperaCartaFaturaPorId.sql
		Script\Procedure\p_RecuperaColaboradorPorId.sql = Script\Procedure\p_RecuperaColaboradorPorId.sql
		Script\Procedure\p_RecuperaContaAPagar.sql = Script\Procedure\p_RecuperaContaAPagar.sql
		Script\Procedure\p_RecuperaDadoBancarioPorId.sql = Script\Procedure\p_RecuperaDadoBancarioPorId.sql
		Script\Procedure\p_RecuperaDadoRemuneracaoPorId.sql = Script\Procedure\p_RecuperaDadoRemuneracaoPorId.sql
		Script\Procedure\p_RecuperaEquipePedidoPorId.sql = Script\Procedure\p_RecuperaEquipePedidoPorId.sql
		Script\Procedure\p_RecuperaFigurantePedido.sql = Script\Procedure\p_RecuperaFigurantePedido.sql
		Script\Procedure\p_RecuperaFigurantePorId.sql = Script\Procedure\p_RecuperaFigurantePorId.sql
		Script\Procedure\p_RecuperaFolhaPorId.sql = Script\Procedure\p_RecuperaFolhaPorId.sql
		Script\Procedure\p_RecuperaItemPedidoPorId.sql = Script\Procedure\p_RecuperaItemPedidoPorId.sql
		Script\Procedure\p_RecuperaNotaFiscal.sql = Script\Procedure\p_RecuperaNotaFiscal.sql
		Script\Procedure\p_RecuperaPedidoPorId.sql = Script\Procedure\p_RecuperaPedidoPorId.sql
		Script\Procedure\p_RecuperaVeiculoPorId.sql = Script\Procedure\p_RecuperaVeiculoPorId.sql
		Script\Procedure\p_RegistraColaborador.sql = Script\Procedure\p_RegistraColaborador.sql
		Script\Procedure\p_RegistraLog.sql = Script\Procedure\p_RegistraLog.sql
		Script\Procedure\p_RegistraPedido.sql = Script\Procedure\p_RegistraPedido.sql
		Script\Procedure\p_RegistraPessoaFigurante.sql = Script\Procedure\p_RegistraPessoaFigurante.sql
		Script\Procedure\p_RetornaValorInss.sql = Script\Procedure\p_RetornaValorInss.sql
		Script\Procedure\p_UnificaFigurante.sql = Script\Procedure\p_UnificaFigurante.sql
		Script\Procedure\p_ValidaTabela.sql = Script\Procedure\p_ValidaTabela.sql
		Script\Procedure\p_ValoresNotaFiscal.sql = Script\Procedure\p_ValoresNotaFiscal.sql
		Script\Procedure\sp_AjusteManualDeDuplicidade.sql = Script\Procedure\sp_AjusteManualDeDuplicidade.sql
	EndProjectSection
EndProject
Project("{2150E333-8FDC-42A3-9474-1A3956D46DE8}") = "Tabela", "Tabela", "{66253144-DB1C-445E-BDD8-BDE0EA129CC6}"
	ProjectSection(SolutionItems) = preProject
		Script\Tabela\Bairro.txt = Script\Tabela\Bairro.txt
		Script\Tabela\Baixa.txt = Script\Tabela\Baixa.txt
		Script\Tabela\Banco.txt = Script\Tabela\Banco.txt
		Script\Tabela\Base.TXT = Script\Tabela\Base.TXT
		Script\Tabela\Cargo.txt = Script\Tabela\Cargo.txt
		Script\Tabela\CartaFatura.txt = Script\Tabela\CartaFatura.txt
		Script\Tabela\Cidade.txt = Script\Tabela\Cidade.txt
		Script\Tabela\Colaborador.txt = Script\Tabela\Colaborador.txt
		Script\Tabela\ContasAPagar.txt = Script\Tabela\ContasAPagar.txt
		Script\Tabela\Contratante.txt = Script\Tabela\Contratante.txt
		Script\Tabela\DadoBancario.txt = Script\Tabela\DadoBancario.txt
		Script\Tabela\DadoPrograma.txt = Script\Tabela\DadoPrograma.txt
		Script\Tabela\DadoRemuneracao.txt = Script\Tabela\DadoRemuneracao.txt
		Script\Tabela\Danca.txt = Script\Tabela\Danca.txt
		Script\Tabela\Empresa.txt = Script\Tabela\Empresa.txt
		Script\Tabela\EquipePedido.txt = Script\Tabela\EquipePedido.txt
		Script\Tabela\Esporte.txt = Script\Tabela\Esporte.txt
		Script\Tabela\Estado.txt = Script\Tabela\Estado.txt
		Script\Tabela\FiguracaoPedido.txt = Script\Tabela\FiguracaoPedido.txt
		Script\Tabela\Figurante.txt = Script\Tabela\Figurante.txt
		Script\Tabela\Firma.TXT = Script\Tabela\Firma.TXT
		Script\Tabela\FolhaDePgto.TXT = Script\Tabela\FolhaDePgto.TXT
		Script\Tabela\Habilitacao.txt = Script\Tabela\Habilitacao.txt
		Script\Tabela\Idioma.TXT = Script\Tabela\Idioma.TXT
		Script\Tabela\Instrumento.txt = Script\Tabela\Instrumento.txt
		Script\Tabela\ItensPedido.txt = Script\Tabela\ItensPedido.txt
		Script\Tabela\LogErro.txt = Script\Tabela\LogErro.txt
		Script\Tabela\Login.TXT = Script\Tabela\Login.TXT
		Script\Tabela\Luta.TXT = Script\Tabela\Luta.TXT
		Script\Tabela\Marca.txt = Script\Tabela\Marca.txt
		Script\Tabela\Modulo.txt = Script\Tabela\Modulo.txt
		Script\Tabela\NotaFiscal.txt = Script\Tabela\NotaFiscal.txt
		Script\Tabela\p_ListaProduto.txt = Script\Tabela\p_ListaProduto.txt
		Script\Tabela\Pedido.txt = Script\Tabela\Pedido.txt
		Script\Tabela\Pessoa.txt = Script\Tabela\Pessoa.txt
		Script\Tabela\Piercing.TXT = Script\Tabela\Piercing.TXT
		Script\Tabela\Procs_Utilizadas.txt = Script\Tabela\Procs_Utilizadas.txt
		Script\Tabela\Programa.txt = Script\Tabela\Programa.txt
		Script\Tabela\ProgramaColaborador.txt = Script\Tabela\ProgramaColaborador.txt
		Script\Tabela\RegistroLog.txt = Script\Tabela\RegistroLog.txt
		Script\Tabela\Regras.txt = Script\Tabela\Regras.txt
		Script\Tabela\Remuneracao.txt = Script\Tabela\Remuneracao.txt
		Script\Tabela\SchemaCentroDeCusto.txt = Script\Tabela\SchemaCentroDeCusto.txt
		Script\Tabela\SubModulo.txt = Script\Tabela\SubModulo.txt
		Script\Tabela\Tabela_Campos.txt = Script\Tabela\Tabela_Campos.txt
		Script\Tabela\Tattoo.txt = Script\Tabela\Tattoo.txt
		Script\Tabela\tmpPgto.txt = Script\Tabela\tmpPgto.txt
		Script\Tabela\tmpRecibo.txt = Script\Tabela\tmpRecibo.txt
		Script\Tabela\Veiculo.txt = Script\Tabela\Veiculo.txt
	EndProjectSection
EndProject
Project("{FAE04EC0-301F-11D3-BF4B-00C04F79EFBC}") = "Agencia.Relatorios", "Agencia.Relatorios\Agencia.Relatorios.csproj", "{D8A32140-5832-4229-B8E0-9A317EEDC618}"
EndProject
Project("{2150E333-8FDC-42A3-9474-1A3956D46DE8}") = "Function", "Function", "{4F91C44F-60EA-4924-966A-E0FA1CA1D127}"
	ProjectSection(SolutionItems) = preProject
		Script\Function\FormataCodigo.sql = Script\Function\FormataCodigo.sql
		Script\Function\FormataData.sql = Script\Function\FormataData.sql
		Script\Function\FormataDoc.sql = Script\Function\FormataDoc.sql
		Script\Function\FormataTelefone.sql = Script\Function\FormataTelefone.sql
		Script\Function\RetornaMes.sql = Script\Function\RetornaMes.sql
		Script\Function\RetornaMesExtenso.sql = Script\Function\RetornaMesExtenso.sql
	EndProjectSection
EndProject
Global
	GlobalSection(SolutionConfigurationPlatforms) = preSolution
		Debug|Any CPU = Debug|Any CPU
		Debug|Mixed Platforms = Debug|Mixed Platforms
		Debug|x86 = Debug|x86
		Release|Any CPU = Release|Any CPU
		Release|Mixed Platforms = Release|Mixed Platforms
		Release|x86 = Release|x86
	EndGlobalSection
	GlobalSection(ProjectConfigurationPlatforms) = postSolution
		{8E3E6EE3-6126-4AB6-AA19-1B20D32761AB}.Debug|Any CPU.ActiveCfg = Debug|Any CPU
		{8E3E6EE3-6126-4AB6-AA19-1B20D32761AB}.Debug|Any CPU.Build.0 = Debug|Any CPU
		{8E3E6EE3-6126-4AB6-AA19-1B20D32761AB}.Debug|Mixed Platforms.ActiveCfg = Debug|Any CPU
		{8E3E6EE3-6126-4AB6-AA19-1B20D32761AB}.Debug|Mixed Platforms.Build.0 = Debug|Any CPU
		{8E3E6EE3-6126-4AB6-AA19-1B20D32761AB}.Debug|x86.ActiveCfg = Debug|Any CPU
		{8E3E6EE3-6126-4AB6-AA19-1B20D32761AB}.Debug|x86.Build.0 = Debug|Any CPU
		{8E3E6EE3-6126-4AB6-AA19-1B20D32761AB}.Release|Any CPU.ActiveCfg = Release|Any CPU
		{8E3E6EE3-6126-4AB6-AA19-1B20D32761AB}.Release|Any CPU.Build.0 = Release|Any CPU
		{8E3E6EE3-6126-4AB6-AA19-1B20D32761AB}.Release|Mixed Platforms.ActiveCfg = Release|Any CPU
		{8E3E6EE3-6126-4AB6-AA19-1B20D32761AB}.Release|Mixed Platforms.Build.0 = Release|Any CPU
		{8E3E6EE3-6126-4AB6-AA19-1B20D32761AB}.Release|x86.ActiveCfg = Release|Any CPU
		{8E3E6EE3-6126-4AB6-AA19-1B20D32761AB}.Release|x86.Build.0 = Release|Any CPU
		{B7418BEA-A7BE-4CC0-A6AB-BA7A1BDDFDE8}.Debug|Any CPU.ActiveCfg = Debug|x86
		{B7418BEA-A7BE-4CC0-A6AB-BA7A1BDDFDE8}.Debug|Mixed Platforms.ActiveCfg = Debug|x86
		{B7418BEA-A7BE-4CC0-A6AB-BA7A1BDDFDE8}.Debug|Mixed Platforms.Build.0 = Debug|x86
		{B7418BEA-A7BE-4CC0-A6AB-BA7A1BDDFDE8}.Debug|x86.ActiveCfg = Debug|x86
		{B7418BEA-A7BE-4CC0-A6AB-BA7A1BDDFDE8}.Debug|x86.Build.0 = Debug|x86
		{B7418BEA-A7BE-4CC0-A6AB-BA7A1BDDFDE8}.Release|Any CPU.ActiveCfg = Release|x86
		{B7418BEA-A7BE-4CC0-A6AB-BA7A1BDDFDE8}.Release|Mixed Platforms.ActiveCfg = Release|x86
		{B7418BEA-A7BE-4CC0-A6AB-BA7A1BDDFDE8}.Release|Mixed Platforms.Build.0 = Release|x86
		{B7418BEA-A7BE-4CC0-A6AB-BA7A1BDDFDE8}.Release|x86.ActiveCfg = Release|x86
		{B7418BEA-A7BE-4CC0-A6AB-BA7A1BDDFDE8}.Release|x86.Build.0 = Release|x86
		{3171F3D2-B5D1-4041-87F3-ABB3567312DE}.Debug|Any CPU.ActiveCfg = Debug|Any CPU
		{3171F3D2-B5D1-4041-87F3-ABB3567312DE}.Debug|Any CPU.Build.0 = Debug|Any CPU
		{3171F3D2-B5D1-4041-87F3-ABB3567312DE}.Debug|Mixed Platforms.ActiveCfg = Debug|Any CPU
		{3171F3D2-B5D1-4041-87F3-ABB3567312DE}.Debug|Mixed Platforms.Build.0 = Debug|Any CPU
		{3171F3D2-B5D1-4041-87F3-ABB3567312DE}.Debug|x86.ActiveCfg = Debug|Any CPU
		{3171F3D2-B5D1-4041-87F3-ABB3567312DE}.Debug|x86.Build.0 = Debug|Any CPU
		{3171F3D2-B5D1-4041-87F3-ABB3567312DE}.Release|Any CPU.ActiveCfg = Release|Any CPU
		{3171F3D2-B5D1-4041-87F3-ABB3567312DE}.Release|Any CPU.Build.0 = Release|Any CPU
		{3171F3D2-B5D1-4041-87F3-ABB3567312DE}.Release|Mixed Platforms.ActiveCfg = Release|Any CPU
		{3171F3D2-B5D1-4041-87F3-ABB3567312DE}.Release|Mixed Platforms.Build.0 = Release|Any CPU
		{3171F3D2-B5D1-4041-87F3-ABB3567312DE}.Release|x86.ActiveCfg = Release|Any CPU
		{3171F3D2-B5D1-4041-87F3-ABB3567312DE}.Release|x86.Build.0 = Release|Any CPU
		{81EC3B70-5F27-4237-8C36-AD1FF2E90566}.Debug|Any CPU.ActiveCfg = Debug|Any CPU
		{81EC3B70-5F27-4237-8C36-AD1FF2E90566}.Debug|Any CPU.Build.0 = Debug|Any CPU
		{81EC3B70-5F27-4237-8C36-AD1FF2E90566}.Debug|Mixed Platforms.ActiveCfg = Debug|Any CPU
		{81EC3B70-5F27-4237-8C36-AD1FF2E90566}.Debug|Mixed Platforms.Build.0 = Debug|Any CPU
		{81EC3B70-5F27-4237-8C36-AD1FF2E90566}.Debug|x86.ActiveCfg = Debug|Any CPU
		{81EC3B70-5F27-4237-8C36-AD1FF2E90566}.Debug|x86.Build.0 = Debug|Any CPU
		{81EC3B70-5F27-4237-8C36-AD1FF2E90566}.Release|Any CPU.ActiveCfg = Release|Any CPU
		{81EC3B70-5F27-4237-8C36-AD1FF2E90566}.Release|Any CPU.Build.0 = Release|Any CPU
		{81EC3B70-5F27-4237-8C36-AD1FF2E90566}.Release|Mixed Platforms.ActiveCfg = Release|Any CPU
		{81EC3B70-5F27-4237-8C36-AD1FF2E90566}.Release|Mixed Platforms.Build.0 = Release|Any CPU
		{81EC3B70-5F27-4237-8C36-AD1FF2E90566}.Release|x86.ActiveCfg = Release|Any CPU
		{81EC3B70-5F27-4237-8C36-AD1FF2E90566}.Release|x86.Build.0 = Release|Any CPU
		{51D0A909-DFFF-4340-AC77-264BD1DF8D28}.Debug|Any CPU.ActiveCfg = Debug|Any CPU
		{51D0A909-DFFF-4340-AC77-264BD1DF8D28}.Debug|Any CPU.Build.0 = Debug|Any CPU
		{51D0A909-DFFF-4340-AC77-264BD1DF8D28}.Debug|Mixed Platforms.ActiveCfg = Debug|Any CPU
		{51D0A909-DFFF-4340-AC77-264BD1DF8D28}.Debug|Mixed Platforms.Build.0 = Debug|Any CPU
		{51D0A909-DFFF-4340-AC77-264BD1DF8D28}.Debug|x86.ActiveCfg = Debug|Any CPU
		{51D0A909-DFFF-4340-AC77-264BD1DF8D28}.Debug|x86.Build.0 = Debug|Any CPU
		{51D0A909-DFFF-4340-AC77-264BD1DF8D28}.Release|Any CPU.ActiveCfg = Release|Any CPU
		{51D0A909-DFFF-4340-AC77-264BD1DF8D28}.Release|Any CPU.Build.0 = Release|Any CPU
		{51D0A909-DFFF-4340-AC77-264BD1DF8D28}.Release|Mixed Platforms.ActiveCfg = Release|Any CPU
		{51D0A909-DFFF-4340-AC77-264BD1DF8D28}.Release|Mixed Platforms.Build.0 = Release|Any CPU
		{51D0A909-DFFF-4340-AC77-264BD1DF8D28}.Release|x86.ActiveCfg = Release|Any CPU
		{51D0A909-DFFF-4340-AC77-264BD1DF8D28}.Release|x86.Build.0 = Release|Any CPU
		{B4D55641-02FF-4179-8CFE-F4F12D086804}.Debug|Any CPU.ActiveCfg = Debug|Any CPU
		{B4D55641-02FF-4179-8CFE-F4F12D086804}.Debug|Any CPU.Build.0 = Debug|Any CPU
		{B4D55641-02FF-4179-8CFE-F4F12D086804}.Debug|Mixed Platforms.ActiveCfg = Debug|Any CPU
		{B4D55641-02FF-4179-8CFE-F4F12D086804}.Debug|Mixed Platforms.Build.0 = Debug|Any CPU
		{B4D55641-02FF-4179-8CFE-F4F12D086804}.Debug|x86.ActiveCfg = Debug|Any CPU
		{B4D55641-02FF-4179-8CFE-F4F12D086804}.Debug|x86.Build.0 = Debug|Any CPU
		{B4D55641-02FF-4179-8CFE-F4F12D086804}.Release|Any CPU.ActiveCfg = Release|Any CPU
		{B4D55641-02FF-4179-8CFE-F4F12D086804}.Release|Any CPU.Build.0 = Release|Any CPU
		{B4D55641-02FF-4179-8CFE-F4F12D086804}.Release|Mixed Platforms.ActiveCfg = Release|Any CPU
		{B4D55641-02FF-4179-8CFE-F4F12D086804}.Release|Mixed Platforms.Build.0 = Release|Any CPU
		{B4D55641-02FF-4179-8CFE-F4F12D086804}.Release|x86.ActiveCfg = Release|Any CPU
		{B4D55641-02FF-4179-8CFE-F4F12D086804}.Release|x86.Build.0 = Release|Any CPU
		{6ECA4F0B-0679-47E9-88F4-F8B25A895BEA}.Debug|Any CPU.ActiveCfg = Debug|Any CPU
		{6ECA4F0B-0679-47E9-88F4-F8B25A895BEA}.Debug|Any CPU.Build.0 = Debug|Any CPU
		{6ECA4F0B-0679-47E9-88F4-F8B25A895BEA}.Debug|Mixed Platforms.ActiveCfg = Debug|Any CPU
		{6ECA4F0B-0679-47E9-88F4-F8B25A895BEA}.Debug|Mixed Platforms.Build.0 = Debug|Any CPU
		{6ECA4F0B-0679-47E9-88F4-F8B25A895BEA}.Debug|x86.ActiveCfg = Debug|Any CPU
		{6ECA4F0B-0679-47E9-88F4-F8B25A895BEA}.Debug|x86.Build.0 = Debug|Any CPU
		{6ECA4F0B-0679-47E9-88F4-F8B25A895BEA}.Release|Any CPU.ActiveCfg = Release|Any CPU
		{6ECA4F0B-0679-47E9-88F4-F8B25A895BEA}.Release|Any CPU.Build.0 = Release|Any CPU
		{6ECA4F0B-0679-47E9-88F4-F8B25A895BEA}.Release|Mixed Platforms.ActiveCfg = Release|Any CPU
		{6ECA4F0B-0679-47E9-88F4-F8B25A895BEA}.Release|Mixed Platforms.Build.0 = Release|Any CPU
		{6ECA4F0B-0679-47E9-88F4-F8B25A895BEA}.Release|x86.ActiveCfg = Release|Any CPU
		{6ECA4F0B-0679-47E9-88F4-F8B25A895BEA}.Release|x86.Build.0 = Release|Any CPU
		{B571B315-BB85-4604-94A6-BD6215E0BA19}.Debug|Any CPU.ActiveCfg = Debug|Any CPU
		{B571B315-BB85-4604-94A6-BD6215E0BA19}.Debug|Any CPU.Build.0 = Debug|Any CPU
		{B571B315-BB85-4604-94A6-BD6215E0BA19}.Debug|Mixed Platforms.ActiveCfg = Debug|Any CPU
		{B571B315-BB85-4604-94A6-BD6215E0BA19}.Debug|Mixed Platforms.Build.0 = Debug|Any CPU
		{B571B315-BB85-4604-94A6-BD6215E0BA19}.Debug|x86.ActiveCfg = Debug|Any CPU
		{B571B315-BB85-4604-94A6-BD6215E0BA19}.Debug|x86.Build.0 = Debug|Any CPU
		{B571B315-BB85-4604-94A6-BD6215E0BA19}.Release|Any CPU.ActiveCfg = Release|Any CPU
		{B571B315-BB85-4604-94A6-BD6215E0BA19}.Release|Any CPU.Build.0 = Release|Any CPU
		{B571B315-BB85-4604-94A6-BD6215E0BA19}.Release|Mixed Platforms.ActiveCfg = Release|Any CPU
		{B571B315-BB85-4604-94A6-BD6215E0BA19}.Release|Mixed Platforms.Build.0 = Release|Any CPU
		{B571B315-BB85-4604-94A6-BD6215E0BA19}.Release|x86.ActiveCfg = Release|Any CPU
		{B571B315-BB85-4604-94A6-BD6215E0BA19}.Release|x86.Build.0 = Release|Any CPU
		{D8A32140-5832-4229-B8E0-9A317EEDC618}.Debug|Any CPU.ActiveCfg = Debug|Any CPU
		{D8A32140-5832-4229-B8E0-9A317EEDC618}.Debug|Any CPU.Build.0 = Debug|Any CPU
		{D8A32140-5832-4229-B8E0-9A317EEDC618}.Debug|Mixed Platforms.ActiveCfg = Debug|Any CPU
		{D8A32140-5832-4229-B8E0-9A317EEDC618}.Debug|Mixed Platforms.Build.0 = Debug|Any CPU
		{D8A32140-5832-4229-B8E0-9A317EEDC618}.Debug|x86.ActiveCfg = Debug|Any CPU
		{D8A32140-5832-4229-B8E0-9A317EEDC618}.Debug|x86.Build.0 = Debug|Any CPU
		{D8A32140-5832-4229-B8E0-9A317EEDC618}.Release|Any CPU.ActiveCfg = Release|Any CPU
		{D8A32140-5832-4229-B8E0-9A317EEDC618}.Release|Any CPU.Build.0 = Release|Any CPU
		{D8A32140-5832-4229-B8E0-9A317EEDC618}.Release|Mixed Platforms.ActiveCfg = Release|Any CPU
		{D8A32140-5832-4229-B8E0-9A317EEDC618}.Release|Mixed Platforms.Build.0 = Release|Any CPU
		{D8A32140-5832-4229-B8E0-9A317EEDC618}.Release|x86.ActiveCfg = Release|Any CPU
		{D8A32140-5832-4229-B8E0-9A317EEDC618}.Release|x86.Build.0 = Release|Any CPU
	EndGlobalSection
	GlobalSection(SolutionProperties) = preSolution
		HideSolutionNode = FALSE
	EndGlobalSection
	GlobalSection(NestedProjects) = preSolution
		{8E3E6EE3-6126-4AB6-AA19-1B20D32761AB} = {7B173BEA-7079-4FCE-B0E8-8247CAFCA714}
		{3171F3D2-B5D1-4041-87F3-ABB3567312DE} = {C28402BB-B768-4467-93DB-80519B96463A}
		{81EC3B70-5F27-4237-8C36-AD1FF2E90566} = {C28402BB-B768-4467-93DB-80519B96463A}
		{51D0A909-DFFF-4340-AC77-264BD1DF8D28} = {C28402BB-B768-4467-93DB-80519B96463A}
		{B4D55641-02FF-4179-8CFE-F4F12D086804} = {C28402BB-B768-4467-93DB-80519B96463A}
		{6ECA4F0B-0679-47E9-88F4-F8B25A895BEA} = {7B173BEA-7079-4FCE-B0E8-8247CAFCA714}
		{B571B315-BB85-4604-94A6-BD6215E0BA19} = {C28402BB-B768-4467-93DB-80519B96463A}
		{74BEEBE9-D5EB-415B-BFE7-E47180BC2BAF} = {A5F02799-6E50-4A01-80E7-02C05D0136D7}
		{66253144-DB1C-445E-BDD8-BDE0EA129CC6} = {A5F02799-6E50-4A01-80E7-02C05D0136D7}
		{4F91C44F-60EA-4924-966A-E0FA1CA1D127} = {A5F02799-6E50-4A01-80E7-02C05D0136D7}
	EndGlobalSection
	GlobalSection(ExtensibilityGlobals) = postSolution
		SolutionGuid = {C0CA55CE-8C9E-4897-871B-6E3F7D652246}
	EndGlobalSection
EndGlobal
